// !$*UTF8*$!
{
	archiveVersion = 1;
	classes = {
	};
	objectVersion = 50;
	objects = {

/* Begin PBXBuildFile section */
		A26B03A4222E6A0A00F78216 /* AppDelegate.swift in Sources */ = {isa = PBXBuildFile; fileRef = A26B03A3222E6A0A00F78216 /* AppDelegate.swift */; };
		A26B03A6222E6A0A00F78216 /* ViewController.swift in Sources */ = {isa = PBXBuildFile; fileRef = A26B03A5222E6A0A00F78216 /* ViewController.swift */; };
		A26B03A9222E6A0A00F78216 /* Main.storyboard in Resources */ = {isa = PBXBuildFile; fileRef = A26B03A7222E6A0A00F78216 /* Main.storyboard */; };
		A26B03AB222E6A0C00F78216 /* Assets.xcassets in Resources */ = {isa = PBXBuildFile; fileRef = A26B03AA222E6A0C00F78216 /* Assets.xcassets */; };
		A26B03AE222E6A0C00F78216 /* LaunchScreen.storyboard in Resources */ = {isa = PBXBuildFile; fileRef = A26B03AC222E6A0C00F78216 /* LaunchScreen.storyboard */; };
		A26B03B9222E6A0C00F78216 /* PlayVideoUITests.swift in Sources */ = {isa = PBXBuildFile; fileRef = A26B03B8222E6A0C00F78216 /* PlayVideoUITests.swift */; };
		A26B03C4222E6AFE00F78216 /* DarkPhoenix.mp4 in Resources */ = {isa = PBXBuildFile; fileRef = A26B03C3222E6AFE00F78216 /* DarkPhoenix.mp4 */; };
/* End PBXBuildFile section */

/* Begin PBXContainerItemProxy section */
		A26B03B5222E6A0C00F78216 /* PBXContainerItemProxy */ = {
			isa = PBXContainerItemProxy;
			containerPortal = A26B0398222E6A0A00F78216 /* Project object */;
			proxyType = 1;
			remoteGlobalIDString = A26B039F222E6A0A00F78216;
			remoteInfo = PlayVideo;
		};
/* End PBXContainerItemProxy section */

/* Begin PBXFileReference section */
		A26B03A0222E6A0A00F78216 /* PlayVideo.app */ = {isa = PBXFileReference; explicitFileType = wrapper.application; includeInIndex = 0; path = PlayVideo.app; sourceTree = BUILT_PRODUCTS_DIR; };
		A26B03A3222E6A0A00F78216 /* AppDelegate.swift */ = {isa = PBXFileReference; lastKnownFileType = sourcecode.swift; path = AppDelegate.swift; sourceTree = "<group>"; };
		A26B03A5222E6A0A00F78216 /* ViewController.swift */ = {isa = PBXFileReference; lastKnownFileType = sourcecode.swift; path = ViewController.swift; sourceTree = "<group>"; };
		A26B03A8222E6A0A00F78216 /* Base */ = {isa = PBXFileReference; lastKnownFileType = file.storyboard; name = Base; path = Base.lproj/Main.storyboard; sourceTree = "<group>"; };
		A26B03AA222E6A0C00F78216 /* Assets.xcassets */ = {isa = PBXFileReference; lastKnownFileType = folder.assetcatalog; path = Assets.xcassets; sourceTree = "<group>"; };
		A26B03AD222E6A0C00F78216 /* Base */ = {isa = PBXFileReference; lastKnownFileType = file.storyboard; name = Base; path = Base.lproj/LaunchScreen.storyboard; sourceTree = "<group>"; };
		A26B03AF222E6A0C00F78216 /* Info.plist */ = {isa = PBXFileReference; lastKnownFileType = text.plist.xml; path = Info.plist; sourceTree = "<group>"; };
		A26B03B4222E6A0C00F78216 /* PlayVideoUITests.xctest */ = {isa = PBXFileReference; explicitFileType = wrapper.cfbundle; includeInIndex = 0; path = PlayVideoUITests.xctest; sourceTree = BUILT_PRODUCTS_DIR; };
		A26B03B8222E6A0C00F78216 /* PlayVideoUITests.swift */ = {isa = PBXFileReference; lastKnownFileType = sourcecode.swift; path = PlayVideoUITests.swift; sourceTree = "<group>"; };
		A26B03BA222E6A0C00F78216 /* Info.plist */ = {isa = PBXFileReference; lastKnownFileType = text.plist.xml; path = Info.plist; sourceTree = "<group>"; };
		A26B03C3222E6AFE00F78216 /* DarkPhoenix.mp4 */ = {isa = PBXFileReference; lastKnownFileType = file; path = DarkPhoenix.mp4; sourceTree = "<group>"; };
/* End PBXFileReference section */

/* Begin PBXFrameworksBuildPhase section */
		A26B039D222E6A0A00F78216 /* Frameworks */ = {
			isa = PBXFrameworksBuildPhase;
			buildActionMask = 2147483647;
			files = (
			);
			runOnlyForDeploymentPostprocessing = 0;
		};
		A26B03B1222E6A0C00F78216 /* Frameworks */ = {
			isa = PBXFrameworksBuildPhase;
			buildActionMask = 2147483647;
			files = (
			);
			runOnlyForDeploymentPostprocessing = 0;
		};
/* End PBXFrameworksBuildPhase section */

/* Begin PBXGroup section */
		A26B0397222E6A0A00F78216 = {
			isa = PBXGroup;
			children = (
				A26B03A2222E6A0A00F78216 /* PlayVideo */,
				A26B03B7222E6A0C00F78216 /* PlayVideoUITests */,
				A26B03A1222E6A0A00F78216 /* Products */,
			);
			sourceTree = "<group>";
		};
		A26B03A1222E6A0A00F78216 /* Products */ = {
			isa = PBXGroup;
			children = (
				A26B03A0222E6A0A00F78216 /* PlayVideo.app */,
				A26B03B4222E6A0C00F78216 /* PlayVideoUITests.xctest */,
			);
			name = Products;
			sourceTree = "<group>";
		};
		A26B03A2222E6A0A00F78216 /* PlayVideo */ = {
			isa = PBXGroup;
			children = (
				A26B03C3222E6AFE00F78216 /* DarkPhoenix.mp4 */,
				A26B03A3222E6A0A00F78216 /* AppDelegate.swift */,
				A26B03A5222E6A0A00F78216 /* ViewController.swift */,
				A26B03A7222E6A0A00F78216 /* Main.storyboard */,
				A26B03AA222E6A0C00F78216 /* Assets.xcassets */,
				A26B03AC222E6A0C00F78216 /* LaunchScreen.storyboard */,
				A26B03AF222E6A0C00F78216 /* Info.plist */,
			);
			path = PlayVideo;
			sourceTree = "<group>";
		};
		A26B03B7222E6A0C00F78216 /* PlayVideoUITests */ = {
			isa = PBXGroup;
			children = (
				A26B03B8222E6A0C00F78216 /* PlayVideoUITests.swift */,
				A26B03BA222E6A0C00F78216 /* Info.plist */,
			);
			path = PlayVideoUITests;
			sourceTree = "<group>";
		};
/* End PBXGroup section */

/* Begin PBXNativeTarget section */
		A26B039F222E6A0A00F78216 /* PlayVideo */ = {
			isa = PBXNativeTarget;
			buildConfigurationList = A26B03BD222E6A0C00F78216 /* Build configuration list for PBXNativeTarget "PlayVideo" */;
			buildPhases = (
				A26B039C222E6A0A00F78216 /* Sources */,
				A26B039D222E6A0A00F78216 /* Frameworks */,
				A26B039E222E6A0A00F78216 /* Resources */,
			);
			buildRules = (
			);
			dependencies = (
			);
			name = PlayVideo;
			productName = PlayVideo;
			productReference = A26B03A0222E6A0A00F78216 /* PlayVideo.app */;
			productType = "com.apple.product-type.application";
		};
		A26B03B3222E6A0C00F78216 /* PlayVideoUITests */ = {
			isa = PBXNativeTarget;
			buildConfigurationList = A26B03C0222E6A0C00F78216 /* Build configuration list for PBXNativeTarget "PlayVideoUITests" */;
			buildPhases = (
				A26B03B0222E6A0C00F78216 /* Sources */,
				A26B03B1222E6A0C00F78216 /* Frameworks */,
				A26B03B2222E6A0C00F78216 /* Resources */,
			);
			buildRules = (
			);
			dependencies = (
				A26B03B6222E6A0C00F78216 /* PBXTargetDependency */,
			);
			name = PlayVideoUITests;
			productName = PlayVideoUITests;
			productReference = A26B03B4222E6A0C00F78216 /* PlayVideoUITests.xctest */;
			productType = "com.apple.product-type.bundle.ui-testing";
		};
/* End PBXNativeTarget section */

/* Begin PBXProject section */
		A26B0398222E6A0A00F78216 /* Project object */ = {
			isa = PBXProject;
			attributes = {
				LastSwiftUpdateCheck = 1010;
				LastUpgradeCheck = 1010;
				ORGANIZATIONNAME = zfm;
				TargetAttributes = {
					A26B039F222E6A0A00F78216 = {
						CreatedOnToolsVersion = 10.1;
					};
					A26B03B3222E6A0C00F78216 = {
						CreatedOnToolsVersion = 10.1;
						TestTargetID = A26B039F222E6A0A00F78216;
					};
				};
			};
			buildConfigurationList = A26B039B222E6A0A00F78216 /* Build configuration list for PBXProject "PlayVideo" */;
			compatibilityVersion = "Xcode 9.3";
			developmentRegion = en;
			hasScannedForEncodings = 0;
			knownRegions = (
				en,
				Base,
			);
			mainGroup = A26B0397222E6A0A00F78216;
			productRefGroup = A26B03A1222E6A0A00F78216 /* Products */;
			projectDirPath = "";
			projectRoot = "";
			targets = (
				A26B039F222E6A0A00F78216 /* PlayVideo */,
				A26B03B3222E6A0C00F78216 /* PlayVideoUITests */,
			);
		};
/* End PBXProject section */

/* Begin PBXResourcesBuildPhase section */
		A26B039E222E6A0A00F78216 /* Resources */ = {
			isa = PBXResourcesBuildPhase;
			buildActionMask = 2147483647;
			files = (
				A26B03AE222E6A0C00F78216 /* LaunchScreen.storyboard in Resources */,
				A26B03AB222E6A0C00F78216 /* Assets.xcassets in Resources */,
				A26B03A9222E6A0A00F78216 /* Main.storyboard in Resources */,
				A26B03C4222E6AFE00F78216 /* DarkPhoenix.mp4 in Resources */,
			);
			runOnlyForDeploymentPostprocessing = 0;
		};
		A26B03B2222E6A0C00F78216 /* Resources */ = {
			isa = PBXResourcesBuildPhase;
			buildActionMask = 2147483647;
			files = (
			);
			runOnlyForDeploymentPostprocessing = 0;
		};
/* End PBXResourcesBuildPhase section */

/* Begin PBXSourcesBuildPhase section */
		A26B039C222E6A0A00F78216 /* Sources */ = {
			isa = PBXSourcesBuildPhase;
			buildActionMask = 2147483647;
			files = (
				A26B03A6222E6A0A00F78216 /* ViewController.swift in Sources */,
				A26B03A4222E6A0A00F78216 /* AppDelegate.swift in Sources */,
			);
			runOnlyForDeploymentPostprocessing = 0;
		};
		A26B03B0222E6A0C00F78216 /* Sources */ = {
			isa = PBXSourcesBuildPhase;
			buildActionMask = 2147483647;
			files = (
				A26B03B9222E6A0C00F78216 /* PlayVideoUITests.swift in Sources */,
			);
			runOnlyForDeploymentPostprocessing = 0;
		};
/* End PBXSourcesBuildPhase section */

/* Begin PBXTargetDependency section */
		A26B03B6222E6A0C00F78216 /* PBXTargetDependency */ = {
			isa = PBXTargetDependency;
			target = A26B039F222E6A0A00F78216 /* PlayVideo */;
			targetProxy = A26B03B5222E6A0C00F78216 /* PBXContainerItemProxy */;
		};
/* End PBXTargetDependency section */

/* Begin PBXVariantGroup section */
		A26B03A7222E6A0A00F78216 /* Main.storyboard */ = {
			isa = PBXVariantGroup;
			children = (
				A26B03A8222E6A0A00F78216 /* Base */,
			);
			name = Main.storyboard;
			sourceTree = "<group>";
		};
		A26B03AC222E6A0C00F78216 /* LaunchScreen.storyboard */ = {
			isa = PBXVariantGroup;
			children = (
				A26B03AD222E6A0C00F78216 /* Base */,
			);
			name = LaunchScreen.storyboard;
			sourceTree = "<group>";
		};
/* End PBXVariantGroup section */

/* Begin XCBuildConfiguration section */
		A26B03BB222E6A0C00F78216 /* Debug */ = {
			isa = XCBuildConfiguration;
			buildSettings = {
				ALWAYS_SEARCH_USER_PATHS = NO;
				CLANG_ANALYZER_NONNULL = YES;
				CLANG_ANALYZER_NUMBER_OBJECT_CONVERSION = YES_AGGRESSIVE;
				CLANG_CXX_LANGUAGE_STANDARD = "gnu++14";
				CLANG_CXX_LIBRARY = "libc++";
				CLANG_ENABLE_MODULES = YES;
				CLANG_ENABLE_OBJC_ARC = YES;
				CLANG_ENABLE_OBJC_WEAK = YES;
				CLANG_WARN_BLOCK_CAPTURE_AUTORELEASING = YES;
				CLANG_WARN_BOOL_CONVERSION = YES;
				CLANG_WARN_COMMA = YES;
				CLANG_WARN_CONSTANT_CONVERSION = YES;
				CLANG_WARN_DEPRECATED_OBJC_IMPLEMENTATIONS = YES;
				CLANG_WARN_DIRECT_OBJC_ISA_USAGE = YES_ERROR;
				CLANG_WARN_DOCUMENTATION_COMMENTS = YES;
				CLANG_WARN_EMPTY_BODY = YES;
				CLANG_WARN_ENUM_CONVERSION = YES;
				CLANG_WARN_INFINITE_RECURSION = YES;
				CLANG_WARN_INT_CONVERSION = YES;
				CLANG_WARN_NON_LITERAL_NULL_CONVERSION = YES;
				CLANG_WARN_OBJC_IMPLICIT_RETAIN_SELF = YES;
				CLANG_WARN_OBJC_LITERAL_CONVERSION = YES;
				CLANG_WARN_OBJC_ROOT_CLASS = YES_ERROR;
				CLANG_WARN_RANGE_LOOP_ANALYSIS = YES;
				CLANG_WARN_STRICT_PROTOTYPES = YES;
				CLANG_WARN_SUSPICIOUS_MOVE = YES;
				CLANG_WARN_UNGUARDED_AVAILABILITY = YES_AGGRESSIVE;
				CLANG_WARN_UNREACHABLE_CODE = YES;
				CLANG_WARN__DUPLICATE_METHOD_MATCH = YES;
				CODE_SIGN_IDENTITY = "iPhone Developer";
				COPY_PHASE_STRIP = NO;
				DEBUG_INFORMATION_FORMAT = dwarf;
				ENABLE_STRICT_OBJC_MSGSEND = YES;
				ENABLE_TESTABILITY = YES;
				GCC_C_LANGUAGE_STANDARD = gnu11;
				GCC_DYNAMIC_NO_PIC = NO;
				GCC_NO_COMMON_BLOCKS = YES;
				GCC_OPTIMIZATION_LEVEL = 0;
				GCC_PREPROCESSOR_DEFINITIONS = (
					"DEBUG=1",
					"$(inherited)",
				);
				GCC_WARN_64_TO_32_BIT_CONVERSION = YES;
				GCC_WARN_ABOUT_RETURN_TYPE = YES_ERROR;
				GCC_WARN_UNDECLARED_SELECTOR = YES;
				GCC_WARN_UNINITIALIZED_AUTOS = YES_AGGRESSIVE;
				GCC_WARN_UNUSED_FUNCTION = YES;
				GCC_WARN_UNUSED_VARIABLE = YES;
				IPHONEOS_DEPLOYMENT_TARGET = 12.1;
				MTL_ENABLE_DEBUG_INFO = INCLUDE_SOURCE;
				MTL_FAST_MATH = YES;
				ONLY_ACTIVE_ARCH = YES;
				SDKROOT = iphoneos;
				SWIFT_ACTIVE_COMPILATION_CONDITIONS = DEBUG;
				SWIFT_OPTIMIZATION_LEVEL = "-Onone";
			};
			name = Debug;
		};
		A26B03BC222E6A0C00F78216 /* Release */ = {
			isa = XCBuildConfiguration;
			buildSettings = {
				ALWAYS_SEARCH_USER_PATHS = NO;
				CLANG_ANALYZER_NONNULL = YES;
				CLANG_ANALYZER_NUMBER_OBJECT_CONVERSION = YES_AGGRESSIVE;
				CLANG_CXX_LANGUAGE_STANDARD = "gnu++14";
				CLANG_CXX_LIBRARY = "libc++";
				CLANG_ENABLE_MODULES = YES;
				CLANG_ENABLE_OBJC_ARC = YES;
				CLANG_ENABLE_OBJC_WEAK = YES;
				CLANG_WARN_BLOCK_CAPTURE_AUTORELEASING = YES;
				CLANG_WARN_BOOL_CONVERSION = YES;
				CLANG_WARN_COMMA = YES;
				CLANG_WARN_CONSTANT_CONVERSION = YES;
				CLANG_WARN_DEPRECATED_OBJC_IMPLEMENTATIONS = YES;
				CLANG_WARN_DIRECT_OBJC_ISA_USAGE = YES_ERROR;
				CLANG_WARN_DOCUMENTATION_COMMENTS = YES;
				CLANG_WARN_EMPTY_BODY = YES;
				CLANG_WARN_ENUM_CONVERSION = YES;
				CLANG_WARN_INFINITE_RECURSION = YES;
				CLANG_WARN_INT_CONVERSION = YES;
				CLANG_WARN_NON_LITERAL_NULL_CONVERSION = YES;
				CLANG_WARN_OBJC_IMPLICIT_RETAIN_SELF = YES;
				CLANG_WARN_OBJC_LITERAL_CONVERSION = YES;
				CLANG_WARN_OBJC_ROOT_CLASS = YES_ERROR;
				CLANG_WARN_RANGE_LOOP_ANALYSIS = YES;
				CLANG_WARN_STRICT_PROTOTYPES = YES;
				CLANG_WARN_SUSPICIOUS_MOVE = YES;
				CLANG_WARN_UNGUARDED_AVAILABILITY = YES_AGGRESSIVE;
				CLANG_WARN_UNREACHABLE_CODE = YES;
				CLANG_WARN__DUPLICATE_METHOD_MATCH = YES;
				CODE_SIGN_IDENTITY = "iPhone Developer";
				COPY_PHASE_STRIP = NO;
				DEBUG_INFORMATION_FORMAT = "dwarf-with-dsym";
				ENABLE_NS_ASSERTIONS = NO;
				ENABLE_STRICT_OBJC_MSGSEND = YES;
				GCC_C_LANGUAGE_STANDARD = gnu11;
				GCC_NO_COMMON_BLOCKS = YES;
				GCC_WARN_64_TO_32_BIT_CONVERSION = YES;
				GCC_WARN_ABOUT_RETURN_TYPE = YES_ERROR;
				GCC_WARN_UNDECLARED_SELECTOR = YES;
				GCC_WARN_UNINITIALIZED_AUTOS = YES_AGGRESSIVE;
				GCC_WARN_UNUSED_FUNCTION = YES;
				GCC_WARN_UNUSED_VARIABLE = YES;
				IPHONEOS_DEPLOYMENT_TARGET = 12.1;
				MTL_ENABLE_DEBUG_INFO = NO;
				MTL_FAST_MATH = YES;
				SDKROOT = iphoneos;
				SWIFT_COMPILATION_MODE = wholemodule;
				SWIFT_OPTIMIZATION_LEVEL = "-O";
				VALIDATE_PRODUCT = YES;
			};
			name = Release;
		};
		A26B03BE222E6A0C00F78216 /* Debug */ = {
			isa = XCBuildConfiguration;
			buildSettings = {
				ASSETCATALOG_COMPILER_APPICON_NAME = AppIcon;
				CODE_SIGN_STYLE = Automatic;
				DEVELOPMENT_TEAM = XN6BTP2546;
				INFOPLIST_FILE = PlayVideo/Info.plist;
				LD_RUNPATH_SEARCH_PATHS = (
					"$(inherited)",
					"@executable_path/Frameworks",
				);
				PRODUCT_BUNDLE_IDENTIFIER = Albert.PlayVideo;
				PRODUCT_NAME = "$(TARGET_NAME)";
				SWIFT_VERSION = 4.2;
				TARGETED_DEVICE_FAMILY = "1,2";
			};
			name = Debug;
		};
		A26B03BF222E6A0C00F78216 /* Release */ = {
			isa = XCBuildConfiguration;
			buildSettings = {
				ASSETCATALOG_COMPILER_APPICON_NAME = AppIcon;
				CODE_SIGN_STYLE = Automatic;
				DEVELOPMENT_TEAM = XN6BTP2546;
				INFOPLIST_FILE = PlayVideo/Info.plist;
				LD_RUNPATH_SEARCH_PATHS = (
					"$(inherited)",
					"@executable_path/Frameworks",
				);
				PRODUCT_BUNDLE_IDENTIFIER = Albert.PlayVideo;
				PRODUCT_NAME = "$(TARGET_NAME)";
				SWIFT_VERSION = 4.2;
				TARGETED_DEVICE_FAMILY = "1,2";
			};
			name = Release;
		};
		A26B03C1222E6A0C00F78216 /* Debug */ = {
			isa = XCBuildConfiguration;
			buildSettings = {
				ALWAYS_EMBED_SWIFT_STANDARD_LIBRARIES = YES;
				CODE_SIGN_STYLE = Automatic;
				DEVELOPMENT_TEAM = XN6BTP2546;
				INFOPLIST_FILE = PlayVideoUITests/Info.plist;
				LD_RUNPATH_SEARCH_PATHS = (
					"$(inherited)",
					"@executable_path/Frameworks",
					"@loader_path/Frameworks",
				);
				PRODUCT_BUNDLE_IDENTIFIER = Albert.PlayVideoUITests;
				PRODUCT_NAME = "$(TARGET_NAME)";
				SWIFT_VERSION = 4.2;
				TARGETED_DEVICE_FAMILY = "1,2";
				TEST_TARGET_NAME = PlayVideo;
			};
			name = Debug;
		};
		A26B03C2222E6A0C00F78216 /* Release */ = {
			isa = XCBuildConfiguration;
			buildSettings = {
				ALWAYS_EMBED_SWIFT_STANDARD_LIBRARIES = YES;
				CODE_SIGN_STYLE = Automatic;
				DEVELOPMENT_TEAM = XN6BTP2546;
				INFOPLIST_FILE = PlayVideoUITests/Info.plist;
				LD_RUNPATH_SEARCH_PATHS = (
					"$(inherited)",
					"@executable_path/Frameworks",
					"@loader_path/Frameworks",
				);
				PRODUCT_BUNDLE_IDENTIFIER = Albert.PlayVideoUITests;
				PRODUCT_NAME = "$(TARGET_NAME)";
				SWIFT_VERSION = 4.2;
				TARGETED_DEVICE_FAMILY = "1,2";
				TEST_TARGET_NAME = PlayVideo;
			};
			name = Release;
		};
/* End XCBuildConfiguration section */

/* Begin XCConfigurationList section */
		A26B039B222E6A0A00F78216 /* Build configuration list for PBXProject "PlayVideo" */ = {
			isa = XCConfigurationList;
			buildConfigurations = (
				A26B03BB222E6A0C00F78216 /* Debug */,
				A26B03BC222E6A0C00F78216 /* Release */,
			);
			defaultConfigurationIsVisible = 0;
			defaultConfigurationName = Release;
		};
		A26B03BD222E6A0C00F78216 /* Build configuration list for PBXNativeTarget "PlayVideo" */ = {
			isa = XCConfigurationList;
			buildConfigurations = (
				A26B03BE222E6A0C00F78216 /* Debug */,
				A26B03BF222E6A0C00F78216 /* Release */,
			);
			defaultConfigurationIsVisible = 0;
			defaultConfigurationName = Release;
		};
		A26B03C0222E6A0C00F78216 /* Build configuration list for PBXNativeTarget "PlayVideoUITests" */ = {
			isa = XCConfigurationList;
			buildConfigurations = (
				A26B03C1222E6A0C00F78216 /* Debug */,
				A26B03C2222E6A0C00F78216 /* Release */,
			);
			defaultConfigurationIsVisible = 0;
			defaultConfigurationName = Release;
		};
/* End XCConfigurationList section */
	};
	rootObject = A26B0398222E6A0A00F78216 /* Project object */;
}
